Microsoft Visual Studio Solution File, Format Version 12.00
# Visual Studio Version 17
VisualStudioVersion = 17.0.31611.283
MinimumVisualStudioVersion = 10.0.40219.1
Project("{9A19103F-16F7-4668-BE54-9A1E7A4F7556}") = "SampleBlazorApp", "SampleBlazorApp\SampleBlazorApp.csproj", "{829EAA79-F43C-4687-8DDE-B0E843F42352}"
EndProject
Project("{9A19103F-16F7-4668-BE54-9A1E7A4F7556}") = "Assets", "Assets\Assets\Assets.csproj", "{89E999E0-1CD0-4C26-B301-E23079B4AEAE}"
EndProject
Project("{9A19103F-16F7-4668-BE54-9A1E7A4F7556}") = "Assets.Collections", "Assets\Assets.Collections\Assets.Collections.csproj", "{9DB11BED-83C3-4380-882C-5366FF96DED2}"
EndProject
Project("{9A19103F-16F7-4668-BE54-9A1E7A4F7556}") = "Assets.Graphics", "Assets\Assets.Graphics\Assets.Graphics.csproj", "{CBFA604D-7B39-4531-A75F-BCD80F00B09F}"
EndProject
Project("{9A19103F-16F7-4668-BE54-9A1E7A4F7556}") = "Assets.Scrolls", "Assets\Assets.Scrolls\Assets.Scrolls.csproj", "{7519F695-1B81-4121-9DED-2EB6E360EE71}"
EndProject
Project("{9A19103F-16F7-4668-BE54-9A1E7A4F7556}") = "SampleBlazorApp.WebAssembly", "SampleBlazorApp.WebAssembly\SampleBlazorApp.WebAssembly.csproj", "{1EB50833-3616-4A5B-A73F-4CC54E41CDCE}"
EndProject
Project("{FAE04EC0-301F-11D3-BF4B-00C04F79EFBC}") = "SampleBlazorApp.Razors", "SampleBlazorApp.Razors\SampleBlazorApp.Razors.csproj", "{553286B8-33DF-4834-9420-D0E1743E0EC1}"
EndProject
Global
	GlobalSection(SolutionConfigurationPlatforms) = preSolution
		Debug|Any CPU = Debug|Any CPU
		Release|Any CPU = Release|Any CPU
	EndGlobalSection
	GlobalSection(ProjectConfigurationPlatforms) = postSolution
		{829EAA79-F43C-4687-8DDE-B0E843F42352}.Debug|Any CPU.ActiveCfg = Debug|Any CPU
		{829EAA79-F43C-4687-8DDE-B0E843F42352}.Debug|Any CPU.Build.0 = Debug|Any CPU
		{829EAA79-F43C-4687-8DDE-B0E843F42352}.Debug|Any CPU.Deploy.0 = Debug|Any CPU
		{829EAA79-F43C-4687-8DDE-B0E843F42352}.Release|Any CPU.ActiveCfg = Release|Any CPU
		{829EAA79-F43C-4687-8DDE-B0E843F42352}.Release|Any CPU.Build.0 = Release|Any CPU
		{829EAA79-F43C-4687-8DDE-B0E843F42352}.Release|Any CPU.Deploy.0 = Release|Any CPU
		{89E999E0-1CD0-4C26-B301-E23079B4AEAE}.Debug|Any CPU.ActiveCfg = Debug|Any CPU
		{89E999E0-1CD0-4C26-B301-E23079B4AEAE}.Debug|Any CPU.Build.0 = Debug|Any CPU
		{89E999E0-1CD0-4C26-B301-E23079B4AEAE}.Release|Any CPU.ActiveCfg = Release|Any CPU
		{89E999E0-1CD0-4C26-B301-E23079B4AEAE}.Release|Any CPU.Build.0 = Release|Any CPU
		{9DB11BED-83C3-4380-882C-5366FF96DED2}.Debug|Any CPU.ActiveCfg = Debug|Any CPU
		{9DB11BED-83C3-4380-882C-5366FF96DED2}.Debug|Any CPU.Build.0 = Debug|Any CPU
		{9DB11BED-83C3-4380-882C-5366FF96DED2}.Release|Any CPU.ActiveCfg = Release|Any CPU
		{9DB11BED-83C3-4380-882C-5366FF96DED2}.Release|Any CPU.Build.0 = Release|Any CPU
		{CBFA604D-7B39-4531-A75F-BCD80F00B09F}.Debug|Any CPU.ActiveCfg = Debug|Any CPU
		{CBFA604D-7B39-4531-A75F-BCD80F00B09F}.Debug|Any CPU.Build.0 = Debug|Any CPU
		{CBFA604D-7B39-4531-A75F-BCD80F00B09F}.Release|Any CPU.ActiveCfg = Release|Any CPU
		{CBFA604D-7B39-4531-A75F-BCD80F00B09F}.Release|Any CPU.Build.0 = Release|Any CPU
		{7519F695-1B81-4121-9DED-2EB6E360EE71}.Debug|Any CPU.ActiveCfg = Debug|Any CPU
		{7519F695-1B81-4121-9DED-2EB6E360EE71}.Debug|Any CPU.Build.0 = Debug|Any CPU
		{7519F695-1B81-4121-9DED-2EB6E360EE71}.Release|Any CPU.ActiveCfg = Release|Any CPU
		{7519F695-1B81-4121-9DED-2EB6E360EE71}.Release|Any CPU.Build.0 = Release|Any CPU
		{1EB50833-3616-4A5B-A73F-4CC54E41CDCE}.Debug|Any CPU.ActiveCfg = Debug|Any CPU
		{1EB50833-3616-4A5B-A73F-4CC54E41CDCE}.Debug|Any CPU.Build.0 = Debug|Any CPU
		{1EB50833-3616-4A5B-A73F-4CC54E41CDCE}.Release|Any CPU.ActiveCfg = Release|Any CPU
		{1EB50833-3616-4A5B-A73F-4CC54E41CDCE}.Release|Any CPU.Build.0 = Release|Any CPU
		{553286B8-33DF-4834-9420-D0E1743E0EC1}.Debug|Any CPU.ActiveCfg = Debug|Any CPU
		{553286B8-33DF-4834-9420-D0E1743E0EC1}.Debug|Any CPU.Build.0 = Debug|Any CPU
		{553286B8-33DF-4834-9420-D0E1743E0EC1}.Release|Any CPU.ActiveCfg = Release|Any CPU
		{553286B8-33DF-4834-9420-D0E1743E0EC1}.Release|Any CPU.Build.0 = Release|Any CPU
	EndGlobalSection
	GlobalSection(SolutionProperties) = preSolution
		HideSolutionNode = FALSE
	EndGlobalSection
	GlobalSection(ExtensibilityGlobals) = postSolution
		SolutionGuid = {61F7FB11-1E47-470C-91E2-47F8143E1572}
	EndGlobalSection
EndGlobal
